// !$*UTF8*$!
{
	archiveVersion = 1;
	classes = {
	};
	objectVersion = 56;
	objects = {

/* Begin PBXBuildFile section */
		500E149B2AAF34D600949AFA /* AnimationApp.swift in Sources */ = {isa = PBXBuildFile; fileRef = 500E149A2AAF34D600949AFA /* AnimationApp.swift */; };
		500E149D2AAF34D600949AFA /* ContentView.swift in Sources */ = {isa = PBXBuildFile; fileRef = 500E149C2AAF34D600949AFA /* ContentView.swift */; };
		500E149F2AAF34DA00949AFA /* Assets.xcassets in Resources */ = {isa = PBXBuildFile; fileRef = 500E149E2AAF34DA00949AFA /* Assets.xcassets */; };
		500E14A22AAF34DA00949AFA /* Preview Assets.xcassets in Resources */ = {isa = PBXBuildFile; fileRef = 500E14A12AAF34DA00949AFA /* Preview Assets.xcassets */; };
		500E14A42AAF34DA00949AFA /* Persistence.swift in Sources */ = {isa = PBXBuildFile; fileRef = 500E14A32AAF34DA00949AFA /* Persistence.swift */; };
		500E14A72AAF34DA00949AFA /* Animation.xcdatamodeld in Sources */ = {isa = PBXBuildFile; fileRef = 500E14A52AAF34DA00949AFA /* Animation.xcdatamodeld */; };
		500E14AE2AAF38D000949AFA /* WalkthroughView.swift in Sources */ = {isa = PBXBuildFile; fileRef = 500E14AD2AAF38D000949AFA /* WalkthroughView.swift */; };
		500E14B02AAF391900949AFA /* WalkthroughPage.swift in Sources */ = {isa = PBXBuildFile; fileRef = 500E14AF2AAF391900949AFA /* WalkthroughPage.swift */; };
		500E14B32AAF4BF700949AFA /* WalkthroughModel.swift in Sources */ = {isa = PBXBuildFile; fileRef = 500E14B22AAF4BF700949AFA /* WalkthroughModel.swift */; };
		5012686C2AB1C9CA001E7670 /* Algorithms in Frameworks */ = {isa = PBXBuildFile; productRef = 5012686B2AB1C9CA001E7670 /* Algorithms */; };
		504DA29F2AB45998002EDFE0 /* API.swift in Sources */ = {isa = PBXBuildFile; fileRef = 504DA29E2AB45998002EDFE0 /* API.swift */; };
		504DA2A22AB45A67002EDFE0 /* Alamofire in Frameworks */ = {isa = PBXBuildFile; productRef = 504DA2A12AB45A67002EDFE0 /* Alamofire */; };
		5064740D2AB07CDC00ADF2BD /* WalkthroughState.swift in Sources */ = {isa = PBXBuildFile; fileRef = 5064740C2AB07CDC00ADF2BD /* WalkthroughState.swift */; };
/* End PBXBuildFile section */

/* Begin PBXFileReference section */
		500E14972AAF34D600949AFA /* Animation.app */ = {isa = PBXFileReference; explicitFileType = wrapper.application; includeInIndex = 0; path = Animation.app; sourceTree = BUILT_PRODUCTS_DIR; };
		500E149A2AAF34D600949AFA /* AnimationApp.swift */ = {isa = PBXFileReference; lastKnownFileType = sourcecode.swift; path = AnimationApp.swift; sourceTree = "<group>"; };
		500E149C2AAF34D600949AFA /* ContentView.swift */ = {isa = PBXFileReference; lastKnownFileType = sourcecode.swift; path = ContentView.swift; sourceTree = "<group>"; };
		500E149E2AAF34DA00949AFA /* Assets.xcassets */ = {isa = PBXFileReference; lastKnownFileType = folder.assetcatalog; path = Assets.xcassets; sourceTree = "<group>"; };
		500E14A12AAF34DA00949AFA /* Preview Assets.xcassets */ = {isa = PBXFileReference; lastKnownFileType = folder.assetcatalog; path = "Preview Assets.xcassets"; sourceTree = "<group>"; };
		500E14A32AAF34DA00949AFA /* Persistence.swift */ = {isa = PBXFileReference; lastKnownFileType = sourcecode.swift; path = Persistence.swift; sourceTree = "<group>"; };
		500E14A62AAF34DA00949AFA /* Animation.xcdatamodel */ = {isa = PBXFileReference; lastKnownFileType = wrapper.xcdatamodel; path = Animation.xcdatamodel; sourceTree = "<group>"; };
		500E14AD2AAF38D000949AFA /* WalkthroughView.swift */ = {isa = PBXFileReference; lastKnownFileType = sourcecode.swift; path = WalkthroughView.swift; sourceTree = "<group>"; };
		500E14AF2AAF391900949AFA /* WalkthroughPage.swift */ = {isa = PBXFileReference; lastKnownFileType = sourcecode.swift; path = WalkthroughPage.swift; sourceTree = "<group>"; };
		500E14B22AAF4BF700949AFA /* WalkthroughModel.swift */ = {isa = PBXFileReference; lastKnownFileType = sourcecode.swift; path = WalkthroughModel.swift; sourceTree = "<group>"; };
		501268712AB30C69001E7670 /* Info.plist */ = {isa = PBXFileReference; lastKnownFileType = text.plist; path = Info.plist; sourceTree = "<group>"; };
		504DA29E2AB45998002EDFE0 /* API.swift */ = {isa = PBXFileReference; lastKnownFileType = sourcecode.swift; path = API.swift; sourceTree = "<group>"; };
		5064740C2AB07CDC00ADF2BD /* WalkthroughState.swift */ = {isa = PBXFileReference; lastKnownFileType = sourcecode.swift; path = WalkthroughState.swift; sourceTree = "<group>"; };
/* End PBXFileReference section */

/* Begin PBXFrameworksBuildPhase section */
		500E14942AAF34D600949AFA /* Frameworks */ = {
			isa = PBXFrameworksBuildPhase;
			buildActionMask = 2147483647;
			files = (
				5012686C2AB1C9CA001E7670 /* Algorithms in Frameworks */,
				504DA2A22AB45A67002EDFE0 /* Alamofire in Frameworks */,
			);
			runOnlyForDeploymentPostprocessing = 0;
		};
/* End PBXFrameworksBuildPhase section */

/* Begin PBXGroup section */
		500E148E2AAF34D600949AFA = {
			isa = PBXGroup;
			children = (
				500E14992AAF34D600949AFA /* Animation */,
				500E14982AAF34D600949AFA /* Products */,
			);
			sourceTree = "<group>";
		};
		500E14982AAF34D600949AFA /* Products */ = {
			isa = PBXGroup;
			children = (
				500E14972AAF34D600949AFA /* Animation.app */,
			);
			name = Products;
			sourceTree = "<group>";
		};
		500E14992AAF34D600949AFA /* Animation */ = {
			isa = PBXGroup;
			children = (
				501268712AB30C69001E7670 /* Info.plist */,
				500E149A2AAF34D600949AFA /* AnimationApp.swift */,
				500E149C2AAF34D600949AFA /* ContentView.swift */,
				501268632AB1BA31001E7670 /* Walkthrough */,
				506474052AB0689300ADF2BD /* manager */,
				500E14B12AAF4BCC00949AFA /* Models */,
				500E149E2AAF34DA00949AFA /* Assets.xcassets */,
				500E14A32AAF34DA00949AFA /* Persistence.swift */,
				500E14A52AAF34DA00949AFA /* Animation.xcdatamodeld */,
				500E14A02AAF34DA00949AFA /* Preview Content */,
				504DA29E2AB45998002EDFE0 /* API.swift */,
			);
			path = Animation;
			sourceTree = "<group>";
		};
		500E14A02AAF34DA00949AFA /* Preview Content */ = {
			isa = PBXGroup;
			children = (
				500E14A12AAF34DA00949AFA /* Preview Assets.xcassets */,
			);
			path = "Preview Content";
			sourceTree = "<group>";
		};
		500E14B12AAF4BCC00949AFA /* Models */ = {
			isa = PBXGroup;
			children = (
				500E14B22AAF4BF700949AFA /* WalkthroughModel.swift */,
			);
			path = Models;
			sourceTree = "<group>";
		};
		501268632AB1BA31001E7670 /* Walkthrough */ = {
			isa = PBXGroup;
			children = (
				500E14AF2AAF391900949AFA /* WalkthroughPage.swift */,
				500E14AD2AAF38D000949AFA /* WalkthroughView.swift */,
			);
			path = Walkthrough;
			sourceTree = "<group>";
		};
		506474052AB0689300ADF2BD /* manager */ = {
			isa = PBXGroup;
			children = (
				5064740C2AB07CDC00ADF2BD /* WalkthroughState.swift */,
			);
			path = manager;
			sourceTree = "<group>";
		};
/* End PBXGroup section */

/* Begin PBXNativeTarget section */
		500E14962AAF34D600949AFA /* Animation */ = {
			isa = PBXNativeTarget;
			buildConfigurationList = 500E14AA2AAF34DA00949AFA /* Build configuration list for PBXNativeTarget "Animation" */;
			buildPhases = (
				500E14932AAF34D600949AFA /* Sources */,
				500E14942AAF34D600949AFA /* Frameworks */,
				500E14952AAF34D600949AFA /* Resources */,
			);
			buildRules = (
			);
			dependencies = (
			);
			name = Animation;
			packageProductDependencies = (
				5012686B2AB1C9CA001E7670 /* Algorithms */,
				504DA2A12AB45A67002EDFE0 /* Alamofire */,
			);
			productName = Animation;
			productReference = 500E14972AAF34D600949AFA /* Animation.app */;
			productType = "com.apple.product-type.application";
		};
/* End PBXNativeTarget section */

/* Begin PBXProject section */
		500E148F2AAF34D600949AFA /* Project object */ = {
			isa = PBXProject;
			attributes = {
				BuildIndependentTargetsInParallel = 1;
				LastSwiftUpdateCheck = 1430;
				LastUpgradeCheck = 1430;
				TargetAttributes = {
					500E14962AAF34D600949AFA = {
						CreatedOnToolsVersion = 14.3.1;
					};
				};
			};
			buildConfigurationList = 500E14922AAF34D600949AFA /* Build configuration list for PBXProject "Animation" */;
			compatibilityVersion = "Xcode 14.0";
			developmentRegion = en;
			hasScannedForEncodings = 0;
			knownRegions = (
				en,
				Base,
			);
			mainGroup = 500E148E2AAF34D600949AFA;
			packageReferences = (
				5012686A2AB1C9CA001E7670 /* XCRemoteSwiftPackageReference "swift-algorithms" */,
				504DA2A02AB45A66002EDFE0 /* XCRemoteSwiftPackageReference "Alamofire" */,
			);
			productRefGroup = 500E14982AAF34D600949AFA /* Products */;
			projectDirPath = "";
			projectRoot = "";
			targets = (
				500E14962AAF34D600949AFA /* Animation */,
			);
		};
/* End PBXProject section */

/* Begin PBXResourcesBuildPhase section */
		500E14952AAF34D600949AFA /* Resources */ = {
			isa = PBXResourcesBuildPhase;
			buildActionMask = 2147483647;
			files = (
				500E14A22AAF34DA00949AFA /* Preview Assets.xcassets in Resources */,
				500E149F2AAF34DA00949AFA /* Assets.xcassets in Resources */,
			);
			runOnlyForDeploymentPostprocessing = 0;
		};
/* End PBXResourcesBuildPhase section */

/* Begin PBXSourcesBuildPhase section */
		500E14932AAF34D600949AFA /* Sources */ = {
			isa = PBXSourcesBuildPhase;
			buildActionMask = 2147483647;
			files = (
				504DA29F2AB45998002EDFE0 /* API.swift in Sources */,
				500E14A42AAF34DA00949AFA /* Persistence.swift in Sources */,
				500E14B02AAF391900949AFA /* WalkthroughPage.swift in Sources */,
				5064740D2AB07CDC00ADF2BD /* WalkthroughState.swift in Sources */,
				500E14B32AAF4BF700949AFA /* WalkthroughModel.swift in Sources */,
				500E149D2AAF34D600949AFA /* ContentView.swift in Sources */,
				500E14A72AAF34DA00949AFA /* Animation.xcdatamodeld in Sources */,
				500E14AE2AAF38D000949AFA /* WalkthroughView.swift in Sources */,
				500E149B2AAF34D600949AFA /* AnimationApp.swift in Sources */,
			);
			runOnlyForDeploymentPostprocessing = 0;
		};
/* End PBXSourcesBuildPhase section */

/* Begin XCBuildConfiguration section */
		500E14A82AAF34DA00949AFA /* Debug */ = {
			isa = XCBuildConfiguration;
			buildSettings = {
				ALWAYS_SEARCH_USER_PATHS = NO;
				CLANG_ANALYZER_NONNULL = YES;
				CLANG_ANALYZER_NUMBER_OBJECT_CONVERSION = YES_AGGRESSIVE;
				CLANG_CXX_LANGUAGE_STANDARD = "gnu++20";
				CLANG_ENABLE_MODULES = YES;
				CLANG_ENABLE_OBJC_ARC = YES;
				CLANG_ENABLE_OBJC_WEAK = YES;
				CLANG_WARN_BLOCK_CAPTURE_AUTORELEASING = YES;
				CLANG_WARN_BOOL_CONVERSION = YES;
				CLANG_WARN_COMMA = YES;
				CLANG_WARN_CONSTANT_CONVERSION = YES;
				CLANG_WARN_DEPRECATED_OBJC_IMPLEMENTATIONS = YES;
				CLANG_WARN_DIRECT_OBJC_ISA_USAGE = YES_ERROR;
				CLANG_WARN_DOCUMENTATION_COMMENTS = YES;
				CLANG_WARN_EMPTY_BODY = YES;
				CLANG_WARN_ENUM_CONVERSION = YES;
				CLANG_WARN_INFINITE_RECURSION = YES;
				CLANG_WARN_INT_CONVERSION = YES;
				CLANG_WARN_NON_LITERAL_NULL_CONVERSION = YES;
				CLANG_WARN_OBJC_IMPLICIT_RETAIN_SELF = YES;
				CLANG_WARN_OBJC_LITERAL_CONVERSION = YES;
				CLANG_WARN_OBJC_ROOT_CLASS = YES_ERROR;
				CLANG_WARN_QUOTED_INCLUDE_IN_FRAMEWORK_HEADER = YES;
				CLANG_WARN_RANGE_LOOP_ANALYSIS = YES;
				CLANG_WARN_STRICT_PROTOTYPES = YES;
				CLANG_WARN_SUSPICIOUS_MOVE = YES;
				CLANG_WARN_UNGUARDED_AVAILABILITY = YES_AGGRESSIVE;
				CLANG_WARN_UNREACHABLE_CODE = YES;
				CLANG_WARN__DUPLICATE_METHOD_MATCH = YES;
				COPY_PHASE_STRIP = NO;
				DEBUG_INFORMATION_FORMAT = dwarf;
				ENABLE_STRICT_OBJC_MSGSEND = YES;
				ENABLE_TESTABILITY = YES;
				GCC_C_LANGUAGE_STANDARD = gnu11;
				GCC_DYNAMIC_NO_PIC = NO;
				GCC_NO_COMMON_BLOCKS = YES;
				GCC_OPTIMIZATION_LEVEL = 0;
				GCC_PREPROCESSOR_DEFINITIONS = (
					"DEBUG=1",
					"$(inherited)",
				);
				GCC_WARN_64_TO_32_BIT_CONVERSION = YES;
				GCC_WARN_ABOUT_RETURN_TYPE = YES_ERROR;
				GCC_WARN_UNDECLARED_SELECTOR = YES;
				GCC_WARN_UNINITIALIZED_AUTOS = YES_AGGRESSIVE;
				GCC_WARN_UNUSED_FUNCTION = YES;
				GCC_WARN_UNUSED_VARIABLE = YES;
				IPHONEOS_DEPLOYMENT_TARGET = 16.4;
				MTL_ENABLE_DEBUG_INFO = INCLUDE_SOURCE;
				MTL_FAST_MATH = YES;
				ONLY_ACTIVE_ARCH = YES;
				SDKROOT = iphoneos;
				SWIFT_ACTIVE_COMPILATION_CONDITIONS = DEBUG;
				SWIFT_OPTIMIZATION_LEVEL = "-Onone";
			};
			name = Debug;
		};
		500E14A92AAF34DA00949AFA /* Release */ = {
			isa = XCBuildConfiguration;
			buildSettings = {
				ALWAYS_SEARCH_USER_PATHS = NO;
				CLANG_ANALYZER_NONNULL = YES;
				CLANG_ANALYZER_NUMBER_OBJECT_CONVERSION = YES_AGGRESSIVE;
				CLANG_CXX_LANGUAGE_STANDARD = "gnu++20";
				CLANG_ENABLE_MODULES = YES;
				CLANG_ENABLE_OBJC_ARC = YES;
				CLANG_ENABLE_OBJC_WEAK = YES;
				CLANG_WARN_BLOCK_CAPTURE_AUTORELEASING = YES;
				CLANG_WARN_BOOL_CONVERSION = YES;
				CLANG_WARN_COMMA = YES;
				CLANG_WARN_CONSTANT_CONVERSION = YES;
				CLANG_WARN_DEPRECATED_OBJC_IMPLEMENTATIONS = YES;
				CLANG_WARN_DIRECT_OBJC_ISA_USAGE = YES_ERROR;
				CLANG_WARN_DOCUMENTATION_COMMENTS = YES;
				CLANG_WARN_EMPTY_BODY = YES;
				CLANG_WARN_ENUM_CONVERSION = YES;
				CLANG_WARN_INFINITE_RECURSION = YES;
				CLANG_WARN_INT_CONVERSION = YES;
				CLANG_WARN_NON_LITERAL_NULL_CONVERSION = YES;
				CLANG_WARN_OBJC_IMPLICIT_RETAIN_SELF = YES;
				CLANG_WARN_OBJC_LITERAL_CONVERSION = YES;
				CLANG_WARN_OBJC_ROOT_CLASS = YES_ERROR;
				CLANG_WARN_QUOTED_INCLUDE_IN_FRAMEWORK_HEADER = YES;
				CLANG_WARN_RANGE_LOOP_ANALYSIS = YES;
				CLANG_WARN_STRICT_PROTOTYPES = YES;
				CLANG_WARN_SUSPICIOUS_MOVE = YES;
				CLANG_WARN_UNGUARDED_AVAILABILITY = YES_AGGRESSIVE;
				CLANG_WARN_UNREACHABLE_CODE = YES;
				CLANG_WARN__DUPLICATE_METHOD_MATCH = YES;
				COPY_PHASE_STRIP = NO;
				DEBUG_INFORMATION_FORMAT = "dwarf-with-dsym";
				ENABLE_NS_ASSERTIONS = NO;
				ENABLE_STRICT_OBJC_MSGSEND = YES;
				GCC_C_LANGUAGE_STANDARD = gnu11;
				GCC_NO_COMMON_BLOCKS = YES;
				GCC_WARN_64_TO_32_BIT_CONVERSION = YES;
				GCC_WARN_ABOUT_RETURN_TYPE = YES_ERROR;
				GCC_WARN_UNDECLARED_SELECTOR = YES;
				GCC_WARN_UNINITIALIZED_AUTOS = YES_AGGRESSIVE;
				GCC_WARN_UNUSED_FUNCTION = YES;
				GCC_WARN_UNUSED_VARIABLE = YES;
				IPHONEOS_DEPLOYMENT_TARGET = 16.4;
				MTL_ENABLE_DEBUG_INFO = NO;
				MTL_FAST_MATH = YES;
				SDKROOT = iphoneos;
				SWIFT_COMPILATION_MODE = wholemodule;
				SWIFT_OPTIMIZATION_LEVEL = "-O";
				VALIDATE_PRODUCT = YES;
			};
			name = Release;
		};
		500E14AB2AAF34DA00949AFA /* Debug */ = {
			isa = XCBuildConfiguration;
			buildSettings = {
				ASSETCATALOG_COMPILER_APPICON_NAME = AppIcon;
				ASSETCATALOG_COMPILER_GLOBAL_ACCENT_COLOR_NAME = AccentColor;
				CODE_SIGN_STYLE = Automatic;
				CURRENT_PROJECT_VERSION = 1;
				DEVELOPMENT_ASSET_PATHS = "\"Animation/Preview Content\"";
				DEVELOPMENT_TEAM = B834HTAS8P;
				ENABLE_PREVIEWS = YES;
				GENERATE_INFOPLIST_FILE = YES;
				INFOPLIST_FILE = Animation/Info.plist;
				INFOPLIST_KEY_UIApplicationSceneManifest_Generation = YES;
				INFOPLIST_KEY_UIApplicationSupportsIndirectInputEvents = YES;
				INFOPLIST_KEY_UILaunchScreen_Generation = YES;
				INFOPLIST_KEY_UISupportedInterfaceOrientations_iPad = "UIInterfaceOrientationPortrait UIInterfaceOrientationPortraitUpsideDown UIInterfaceOrientationLandscapeLeft UIInterfaceOrientationLandscapeRight";
				INFOPLIST_KEY_UISupportedInterfaceOrientations_iPhone = "UIInterfaceOrientationPortrait UIInterfaceOrientationLandscapeLeft UIInterfaceOrientationLandscapeRight";
				LD_RUNPATH_SEARCH_PATHS = (
					"$(inherited)",
					"@executable_path/Frameworks",
				);
				MARKETING_VERSION = 1.0;
				PRODUCT_BUNDLE_IDENTIFIER = io.aziza.Animation;
				PRODUCT_NAME = "$(TARGET_NAME)";
				SWIFT_EMIT_LOC_STRINGS = YES;
				SWIFT_VERSION = 5.0;
				TARGETED_DEVICE_FAMILY = "1,2";
			};
			name = Debug;
		};
		500E14AC2AAF34DA00949AFA /* Release */ = {
			isa = XCBuildConfiguration;
			buildSettings = {
				ASSETCATALOG_COMPILER_APPICON_NAME = AppIcon;
				ASSETCATALOG_COMPILER_GLOBAL_ACCENT_COLOR_NAME = AccentColor;
				CODE_SIGN_STYLE = Automatic;
				CURRENT_PROJECT_VERSION = 1;
				DEVELOPMENT_ASSET_PATHS = "\"Animation/Preview Content\"";
				DEVELOPMENT_TEAM = B834HTAS8P;
				ENABLE_PREVIEWS = YES;
				GENERATE_INFOPLIST_FILE = YES;
				INFOPLIST_FILE = Animation/Info.plist;
				INFOPLIST_KEY_UIApplicationSceneManifest_Generation = YES;
				INFOPLIST_KEY_UIApplicationSupportsIndirectInputEvents = YES;
				INFOPLIST_KEY_UILaunchScreen_Generation = YES;
				INFOPLIST_KEY_UISupportedInterfaceOrientations_iPad = "UIInterfaceOrientationPortrait UIInterfaceOrientationPortraitUpsideDown UIInterfaceOrientationLandscapeLeft UIInterfaceOrientationLandscapeRight";
				INFOPLIST_KEY_UISupportedInterfaceOrientations_iPhone = "UIInterfaceOrientationPortrait UIInterfaceOrientationLandscapeLeft UIInterfaceOrientationLandscapeRight";
				LD_RUNPATH_SEARCH_PATHS = (
					"$(inherited)",
					"@executable_path/Frameworks",
				);
				MARKETING_VERSION = 1.0;
				PRODUCT_BUNDLE_IDENTIFIER = io.aziza.Animation;
				PRODUCT_NAME = "$(TARGET_NAME)";
				SWIFT_EMIT_LOC_STRINGS = YES;
				SWIFT_VERSION = 5.0;
				TARGETED_DEVICE_FAMILY = "1,2";
			};
			name = Release;
		};
/* End XCBuildConfiguration section */

/* Begin XCConfigurationList section */
		500E14922AAF34D600949AFA /* Build configuration list for PBXProject "Animation" */ = {
			isa = XCConfigurationList;
			buildConfigurations = (
				500E14A82AAF34DA00949AFA /* Debug */,
				500E14A92AAF34DA00949AFA /* Release */,
			);
			defaultConfigurationIsVisible = 0;
			defaultConfigurationName = Release;
		};
		500E14AA2AAF34DA00949AFA /* Build configuration list for PBXNativeTarget "Animation" */ = {
			isa = XCConfigurationList;
			buildConfigurations = (
				500E14AB2AAF34DA00949AFA /* Debug */,
				500E14AC2AAF34DA00949AFA /* Release */,
			);
			defaultConfigurationIsVisible = 0;
			defaultConfigurationName = Release;
		};
/* End XCConfigurationList section */

/* Begin XCRemoteSwiftPackageReference section */
		5012686A2AB1C9CA001E7670 /* XCRemoteSwiftPackageReference "swift-algorithms" */ = {
			isa = XCRemoteSwiftPackageReference;
			repositoryURL = "https://github.com/apple/swift-algorithms.git";
			requirement = {
				kind = upToNextMajorVersion;
				minimumVersion = 1.0.0;
			};
		};
		504DA2A02AB45A66002EDFE0 /* XCRemoteSwiftPackageReference "Alamofire" */ = {
			isa = XCRemoteSwiftPackageReference;
			repositoryURL = "https://github.com/Alamofire/Alamofire.git";
			requirement = {
				kind = upToNextMajorVersion;
				minimumVersion = 5.0.0;
			};
		};
/* End XCRemoteSwiftPackageReference section */

/* Begin XCSwiftPackageProductDependency section */
		5012686B2AB1C9CA001E7670 /* Algorithms */ = {
			isa = XCSwiftPackageProductDependency;
			package = 5012686A2AB1C9CA001E7670 /* XCRemoteSwiftPackageReference "swift-algorithms" */;
			productName = Algorithms;
		};
		504DA2A12AB45A67002EDFE0 /* Alamofire */ = {
			isa = XCSwiftPackageProductDependency;
			package = 504DA2A02AB45A66002EDFE0 /* XCRemoteSwiftPackageReference "Alamofire" */;
			productName = Alamofire;
		};
/* End XCSwiftPackageProductDependency section */

/* Begin XCVersionGroup section */
		500E14A52AAF34DA00949AFA /* Animation.xcdatamodeld */ = {
			isa = XCVersionGroup;
			children = (
				500E14A62AAF34DA00949AFA /* Animation.xcdatamodel */,
			);
			currentVersion = 500E14A62AAF34DA00949AFA /* Animation.xcdatamodel */;
			path = Animation.xcdatamodeld;
			sourceTree = "<group>";
			versionGroupType = wrapper.xcdatamodel;
		};
/* End XCVersionGroup section */
	};
	rootObject = 500E148F2AAF34D600949AFA /* Project object */;
}
